
Microsoft Visual Studio Solution File, Format Version 12.00
# Visual Studio 15
VisualStudioVersion = 15.0.26124.0
MinimumVisualStudioVersion = 15.0.26124.0
Project("{FAE04EC0-301F-11D3-BF4B-00C04F79EFBC}") = "BSmith.Blazor.Electron.Net", "BSmith.Blazor.Electron.Net\BSmith.Blazor.Electron.Net.csproj", "{B85C936D-BFB7-47F9-B268-02CC46A0C4FA}"
EndProject
Project("{FAE04EC0-301F-11D3-BF4B-00C04F79EFBC}") = "BSmith.Blazor.Electron.Net.Test", "BSmith.Blazor.Electron.Net.Test\BSmith.Blazor.Electron.Net.Test.csproj", "{1CA5BFE8-2BB0-487A-8B6D-8F659C9554EA}"
EndProject
Global
	GlobalSection(SolutionConfigurationPlatforms) = preSolution
		Debug|Any CPU = Debug|Any CPU
		Debug|x64 = Debug|x64
		Debug|x86 = Debug|x86
		Release|Any CPU = Release|Any CPU
		Release|x64 = Release|x64
		Release|x86 = Release|x86
	EndGlobalSection
	GlobalSection(SolutionProperties) = preSolution
		HideSolutionNode = FALSE
	EndGlobalSection
	GlobalSection(ProjectConfigurationPlatforms) = postSolution
		{B85C936D-BFB7-47F9-B268-02CC46A0C4FA}.Debug|Any CPU.ActiveCfg = Debug|Any CPU
		{B85C936D-BFB7-47F9-B268-02CC46A0C4FA}.Debug|Any CPU.Build.0 = Debug|Any CPU
		{B85C936D-BFB7-47F9-B268-02CC46A0C4FA}.Debug|x64.ActiveCfg = Debug|Any CPU
		{B85C936D-BFB7-47F9-B268-02CC46A0C4FA}.Debug|x64.Build.0 = Debug|Any CPU
		{B85C936D-BFB7-47F9-B268-02CC46A0C4FA}.Debug|x86.ActiveCfg = Debug|Any CPU
		{B85C936D-BFB7-47F9-B268-02CC46A0C4FA}.Debug|x86.Build.0 = Debug|Any CPU
		{B85C936D-BFB7-47F9-B268-02CC46A0C4FA}.Release|Any CPU.ActiveCfg = Release|Any CPU
		{B85C936D-BFB7-47F9-B268-02CC46A0C4FA}.Release|Any CPU.Build.0 = Release|Any CPU
		{B85C936D-BFB7-47F9-B268-02CC46A0C4FA}.Release|x64.ActiveCfg = Release|Any CPU
		{B85C936D-BFB7-47F9-B268-02CC46A0C4FA}.Release|x64.Build.0 = Release|Any CPU
		{B85C936D-BFB7-47F9-B268-02CC46A0C4FA}.Release|x86.ActiveCfg = Release|Any CPU
		{B85C936D-BFB7-47F9-B268-02CC46A0C4FA}.Release|x86.Build.0 = Release|Any CPU
		{1CA5BFE8-2BB0-487A-8B6D-8F659C9554EA}.Debug|Any CPU.ActiveCfg = Debug|Any CPU
		{1CA5BFE8-2BB0-487A-8B6D-8F659C9554EA}.Debug|Any CPU.Build.0 = Debug|Any CPU
		{1CA5BFE8-2BB0-487A-8B6D-8F659C9554EA}.Debug|x64.ActiveCfg = Debug|Any CPU
		{1CA5BFE8-2BB0-487A-8B6D-8F659C9554EA}.Debug|x64.Build.0 = Debug|Any CPU
		{1CA5BFE8-2BB0-487A-8B6D-8F659C9554EA}.Debug|x86.ActiveCfg = Debug|Any CPU
		{1CA5BFE8-2BB0-487A-8B6D-8F659C9554EA}.Debug|x86.Build.0 = Debug|Any CPU
		{1CA5BFE8-2BB0-487A-8B6D-8F659C9554EA}.Release|Any CPU.ActiveCfg = Release|Any CPU
		{1CA5BFE8-2BB0-487A-8B6D-8F659C9554EA}.Release|Any CPU.Build.0 = Release|Any CPU
		{1CA5BFE8-2BB0-487A-8B6D-8F659C9554EA}.Release|x64.ActiveCfg = Release|Any CPU
		{1CA5BFE8-2BB0-487A-8B6D-8F659C9554EA}.Release|x64.Build.0 = Release|Any CPU
		{1CA5BFE8-2BB0-487A-8B6D-8F659C9554EA}.Release|x86.ActiveCfg = Release|Any CPU
		{1CA5BFE8-2BB0-487A-8B6D-8F659C9554EA}.Release|x86.Build.0 = Release|Any CPU
	EndGlobalSection
EndGlobal
