
Microsoft Visual Studio Solution File, Format Version 12.00
# Visual Studio 15
VisualStudioVersion = 15.0.26124.0
MinimumVisualStudioVersion = 15.0.26124.0
Project("{FAE04EC0-301F-11D3-BF4B-00C04F79EFBC}") = "Chown", "Chown\Chown.csproj", "{DDEA933B-3E55-463F-B3EB-24FFB32BB768}"
EndProject
Global
	GlobalSection(SolutionConfigurationPlatforms) = preSolution
		Debug|Any CPU = Debug|Any CPU
		Debug|x64 = Debug|x64
		Debug|x86 = Debug|x86
		Release|Any CPU = Release|Any CPU
		Release|x64 = Release|x64
		Release|x86 = Release|x86
	EndGlobalSection
	GlobalSection(SolutionProperties) = preSolution
		HideSolutionNode = FALSE
	EndGlobalSection
	GlobalSection(ProjectConfigurationPlatforms) = postSolution
		{DDEA933B-3E55-463F-B3EB-24FFB32BB768}.Debug|Any CPU.ActiveCfg = Debug|Any CPU
		{DDEA933B-3E55-463F-B3EB-24FFB32BB768}.Debug|Any CPU.Build.0 = Debug|Any CPU
		{DDEA933B-3E55-463F-B3EB-24FFB32BB768}.Debug|x64.ActiveCfg = Debug|Any CPU
		{DDEA933B-3E55-463F-B3EB-24FFB32BB768}.Debug|x64.Build.0 = Debug|Any CPU
		{DDEA933B-3E55-463F-B3EB-24FFB32BB768}.Debug|x86.ActiveCfg = Debug|Any CPU
		{DDEA933B-3E55-463F-B3EB-24FFB32BB768}.Debug|x86.Build.0 = Debug|Any CPU
		{DDEA933B-3E55-463F-B3EB-24FFB32BB768}.Release|Any CPU.ActiveCfg = Release|Any CPU
		{DDEA933B-3E55-463F-B3EB-24FFB32BB768}.Release|Any CPU.Build.0 = Release|Any CPU
		{DDEA933B-3E55-463F-B3EB-24FFB32BB768}.Release|x64.ActiveCfg = Release|Any CPU
		{DDEA933B-3E55-463F-B3EB-24FFB32BB768}.Release|x64.Build.0 = Release|Any CPU
		{DDEA933B-3E55-463F-B3EB-24FFB32BB768}.Release|x86.ActiveCfg = Release|Any CPU
		{DDEA933B-3E55-463F-B3EB-24FFB32BB768}.Release|x86.Build.0 = Release|Any CPU
	EndGlobalSection
EndGlobal
