
Microsoft Visual Studio Solution File, Format Version 12.00
# Visual Studio 15
VisualStudioVersion = 15.0.26124.0
MinimumVisualStudioVersion = 15.0.26124.0
Project("{FAE04EC0-301F-11D3-BF4B-00C04F79EFBC}") = "BSmith.Blazor.Wasm", "BSmith.Blazor.Wasm\BSmith.Blazor.Wasm.csproj", "{14C72620-75A1-499D-A5F8-CA46018EF5B5}"
EndProject
Project("{FAE04EC0-301F-11D3-BF4B-00C04F79EFBC}") = "BSmith.Blazor.Wasm.Test", "BSmith.Blazor.Wasm.Test\BSmith.Blazor.Wasm.Test.csproj", "{D1E9697C-EDE5-4029-9516-DBB0DEF0EE0E}"
EndProject
Global
	GlobalSection(SolutionConfigurationPlatforms) = preSolution
		Debug|Any CPU = Debug|Any CPU
		Debug|x64 = Debug|x64
		Debug|x86 = Debug|x86
		Release|Any CPU = Release|Any CPU
		Release|x64 = Release|x64
		Release|x86 = Release|x86
	EndGlobalSection
	GlobalSection(SolutionProperties) = preSolution
		HideSolutionNode = FALSE
	EndGlobalSection
	GlobalSection(ProjectConfigurationPlatforms) = postSolution
		{14C72620-75A1-499D-A5F8-CA46018EF5B5}.Debug|Any CPU.ActiveCfg = Debug|Any CPU
		{14C72620-75A1-499D-A5F8-CA46018EF5B5}.Debug|Any CPU.Build.0 = Debug|Any CPU
		{14C72620-75A1-499D-A5F8-CA46018EF5B5}.Debug|x64.ActiveCfg = Debug|Any CPU
		{14C72620-75A1-499D-A5F8-CA46018EF5B5}.Debug|x64.Build.0 = Debug|Any CPU
		{14C72620-75A1-499D-A5F8-CA46018EF5B5}.Debug|x86.ActiveCfg = Debug|Any CPU
		{14C72620-75A1-499D-A5F8-CA46018EF5B5}.Debug|x86.Build.0 = Debug|Any CPU
		{14C72620-75A1-499D-A5F8-CA46018EF5B5}.Release|Any CPU.ActiveCfg = Release|Any CPU
		{14C72620-75A1-499D-A5F8-CA46018EF5B5}.Release|Any CPU.Build.0 = Release|Any CPU
		{14C72620-75A1-499D-A5F8-CA46018EF5B5}.Release|x64.ActiveCfg = Release|Any CPU
		{14C72620-75A1-499D-A5F8-CA46018EF5B5}.Release|x64.Build.0 = Release|Any CPU
		{14C72620-75A1-499D-A5F8-CA46018EF5B5}.Release|x86.ActiveCfg = Release|Any CPU
		{14C72620-75A1-499D-A5F8-CA46018EF5B5}.Release|x86.Build.0 = Release|Any CPU
		{D1E9697C-EDE5-4029-9516-DBB0DEF0EE0E}.Debug|Any CPU.ActiveCfg = Debug|Any CPU
		{D1E9697C-EDE5-4029-9516-DBB0DEF0EE0E}.Debug|Any CPU.Build.0 = Debug|Any CPU
		{D1E9697C-EDE5-4029-9516-DBB0DEF0EE0E}.Debug|x64.ActiveCfg = Debug|Any CPU
		{D1E9697C-EDE5-4029-9516-DBB0DEF0EE0E}.Debug|x64.Build.0 = Debug|Any CPU
		{D1E9697C-EDE5-4029-9516-DBB0DEF0EE0E}.Debug|x86.ActiveCfg = Debug|Any CPU
		{D1E9697C-EDE5-4029-9516-DBB0DEF0EE0E}.Debug|x86.Build.0 = Debug|Any CPU
		{D1E9697C-EDE5-4029-9516-DBB0DEF0EE0E}.Release|Any CPU.ActiveCfg = Release|Any CPU
		{D1E9697C-EDE5-4029-9516-DBB0DEF0EE0E}.Release|Any CPU.Build.0 = Release|Any CPU
		{D1E9697C-EDE5-4029-9516-DBB0DEF0EE0E}.Release|x64.ActiveCfg = Release|Any CPU
		{D1E9697C-EDE5-4029-9516-DBB0DEF0EE0E}.Release|x64.Build.0 = Release|Any CPU
		{D1E9697C-EDE5-4029-9516-DBB0DEF0EE0E}.Release|x86.ActiveCfg = Release|Any CPU
		{D1E9697C-EDE5-4029-9516-DBB0DEF0EE0E}.Release|x86.Build.0 = Release|Any CPU
	EndGlobalSection
EndGlobal
