
Microsoft Visual Studio Solution File, Format Version 12.00
# Visual Studio 15
VisualStudioVersion = 15.0.26124.0
MinimumVisualStudioVersion = 15.0.26124.0
Project("{FAE04EC0-301F-11D3-BF4B-00C04F79EFBC}") = "BSmith.SysTray.Net48", "BSmith.SysTray.Net48\BSmith.SysTray.Net48.csproj", "{5EB29653-F861-4D4D-A574-8A6095B8BEA1}"
EndProject
Project("{FAE04EC0-301F-11D3-BF4B-00C04F79EFBC}") = "BSmith.SysTray.Net48.Test", "BSmith.SysTray.Net48.Test\BSmith.SysTray.Net48.Test.csproj", "{BC7CA3A1-8D91-4256-A8E8-3DB0EBB82570}"
EndProject
Global
	GlobalSection(SolutionConfigurationPlatforms) = preSolution
		Debug|Any CPU = Debug|Any CPU
		Debug|x64 = Debug|x64
		Debug|x86 = Debug|x86
		Release|Any CPU = Release|Any CPU
		Release|x64 = Release|x64
		Release|x86 = Release|x86
	EndGlobalSection
	GlobalSection(SolutionProperties) = preSolution
		HideSolutionNode = FALSE
	EndGlobalSection
	GlobalSection(ProjectConfigurationPlatforms) = postSolution
		{5EB29653-F861-4D4D-A574-8A6095B8BEA1}.Debug|Any CPU.ActiveCfg = Debug|Any CPU
		{5EB29653-F861-4D4D-A574-8A6095B8BEA1}.Debug|Any CPU.Build.0 = Debug|Any CPU
		{5EB29653-F861-4D4D-A574-8A6095B8BEA1}.Debug|x64.ActiveCfg = Debug|Any CPU
		{5EB29653-F861-4D4D-A574-8A6095B8BEA1}.Debug|x64.Build.0 = Debug|Any CPU
		{5EB29653-F861-4D4D-A574-8A6095B8BEA1}.Debug|x86.ActiveCfg = Debug|Any CPU
		{5EB29653-F861-4D4D-A574-8A6095B8BEA1}.Debug|x86.Build.0 = Debug|Any CPU
		{5EB29653-F861-4D4D-A574-8A6095B8BEA1}.Release|Any CPU.ActiveCfg = Release|Any CPU
		{5EB29653-F861-4D4D-A574-8A6095B8BEA1}.Release|Any CPU.Build.0 = Release|Any CPU
		{5EB29653-F861-4D4D-A574-8A6095B8BEA1}.Release|x64.ActiveCfg = Release|Any CPU
		{5EB29653-F861-4D4D-A574-8A6095B8BEA1}.Release|x64.Build.0 = Release|Any CPU
		{5EB29653-F861-4D4D-A574-8A6095B8BEA1}.Release|x86.ActiveCfg = Release|Any CPU
		{5EB29653-F861-4D4D-A574-8A6095B8BEA1}.Release|x86.Build.0 = Release|Any CPU
		{BC7CA3A1-8D91-4256-A8E8-3DB0EBB82570}.Debug|Any CPU.ActiveCfg = Debug|Any CPU
		{BC7CA3A1-8D91-4256-A8E8-3DB0EBB82570}.Debug|Any CPU.Build.0 = Debug|Any CPU
		{BC7CA3A1-8D91-4256-A8E8-3DB0EBB82570}.Debug|x64.ActiveCfg = Debug|Any CPU
		{BC7CA3A1-8D91-4256-A8E8-3DB0EBB82570}.Debug|x64.Build.0 = Debug|Any CPU
		{BC7CA3A1-8D91-4256-A8E8-3DB0EBB82570}.Debug|x86.ActiveCfg = Debug|Any CPU
		{BC7CA3A1-8D91-4256-A8E8-3DB0EBB82570}.Debug|x86.Build.0 = Debug|Any CPU
		{BC7CA3A1-8D91-4256-A8E8-3DB0EBB82570}.Release|Any CPU.ActiveCfg = Release|Any CPU
		{BC7CA3A1-8D91-4256-A8E8-3DB0EBB82570}.Release|Any CPU.Build.0 = Release|Any CPU
		{BC7CA3A1-8D91-4256-A8E8-3DB0EBB82570}.Release|x64.ActiveCfg = Release|Any CPU
		{BC7CA3A1-8D91-4256-A8E8-3DB0EBB82570}.Release|x64.Build.0 = Release|Any CPU
		{BC7CA3A1-8D91-4256-A8E8-3DB0EBB82570}.Release|x86.ActiveCfg = Release|Any CPU
		{BC7CA3A1-8D91-4256-A8E8-3DB0EBB82570}.Release|x86.Build.0 = Release|Any CPU
	EndGlobalSection
EndGlobal
